TMUX_VERSION=3.7b
TMUX_SHA256=87f2e99e3b685973f2ca002ffd6ed7e51a5744f7009daae5a15670b6d532db96

LAZYGIT_VERSION=0.63.0
LAZYGIT_SHA256_DARWIN_ARM64=60e6bf29a1501a57a9d078538aa576a1b4db45779db2e3dd6931a7207f560a9c
LAZYGIT_SHA256_DARWIN_X86_64=304b1bf7f7bbb5a5d59e34145bce63d42733cd828e4fe41428ced9ee4dbfe942
LAZYGIT_SHA256_LINUX_ARM64=aac147abf5ce43afe6ae8bcb14b0d479111975a189302d7a99386deca70d57f7
LAZYGIT_SHA256_LINUX_X86_64=cf5cfa3e116d7775f3600a51ec1d9ce7ba554a08b9566c7c2da83cb0023efabf

DELTA_VERSION=0.19.2
DELTA_SHA256_DARWIN_ARM64=9be36612a5a13e9e386dc498fb8e50dc87c72ee42b63db0ea05b32f99a72a69a
DELTA_SHA256_LINUX_ARM64=0bfce159a5cddd5feb3d6db4a616d883ff51253ce08ac7ec11cb1d208cfaab9e
DELTA_SHA256_LINUX_X86_64=8e695c5f586a8c53d6c3b01be0b4a422ed218bfed2a56191caebe373a1c18ab2

TPM_COMMIT=e261deb1b47614eed3400089ce7197dc68acc4eb
RESURRECT_COMMIT=cff343cf9e81983d3da0c8562b01616f12e8d548
CONTINUUM_COMMIT=0698e8f4b17d6454c71bf5212895ec055c578da0
